
Microsoft Visual Studio Solution File, Format Version 12.00
# Visual Studio Version 16
VisualStudioVersion = 16.0.31702.278
MinimumVisualStudioVersion = 10.0.40219.1
Project("{9A19103F-16F7-4668-BE54-9A1E7A4F7556}") = "Mastek-PostCode-API", "Mastek-PostCode-API\Mastek-PostCode-API.csproj", "{91557AB2-31D6-48D9-A835-4ECCBF802046}"
EndProject
Global
	GlobalSection(SolutionConfigurationPlatforms) = preSolution
		Debug|Any CPU = Debug|Any CPU
		Release|Any CPU = Release|Any CPU
	EndGlobalSection
	GlobalSection(ProjectConfigurationPlatforms) = postSolution
		{91557AB2-31D6-48D9-A835-4ECCBF802046}.Debug|Any CPU.ActiveCfg = Debug|Any CPU
		{91557AB2-31D6-48D9-A835-4ECCBF802046}.Debug|Any CPU.Build.0 = Debug|Any CPU
		{91557AB2-31D6-48D9-A835-4ECCBF802046}.Release|Any CPU.ActiveCfg = Release|Any CPU
		{91557AB2-31D6-48D9-A835-4ECCBF802046}.Release|Any CPU.Build.0 = Release|Any CPU
	EndGlobalSection
	GlobalSection(SolutionProperties) = preSolution
		HideSolutionNode = FALSE
	EndGlobalSection
	GlobalSection(ExtensibilityGlobals) = postSolution
		SolutionGuid = {CE69B517-11A5-4C6E-8ED8-67887F369FDF}
	EndGlobalSection
EndGlobal
